
Microsoft Visual Studio Solution File, Format Version 12.00
# Visual Studio 15
VisualStudioVersion = 15.0.28307.168
MinimumVisualStudioVersion = 10.0.40219.1
Project("{8BC9CEB8-8B4A-11D0-8D11-00A0C91BC942}") = "Project1", "Project1\Project1.vcxproj", "{5CC1F76C-918F-4453-B3C9-6F1828C599ED}"
EndProject
Global
	GlobalSection(SolutionConfigurationPlatforms) = preSolution
		Debug|x64 = Debug|x64
		Debug|x86 = Debug|x86
		Release|x64 = Release|x64
		Release|x86 = Release|x86
	EndGlobalSection
	GlobalSection(ProjectConfigurationPlatforms) = postSolution
		{5CC1F76C-918F-4453-B3C9-6F1828C599ED}.Debug|x64.ActiveCfg = Debug|x64
		{5CC1F76C-918F-4453-B3C9-6F1828C599ED}.Debug|x64.Build.0 = Debug|x64
		{5CC1F76C-918F-4453-B3C9-6F1828C599ED}.Debug|x86.ActiveCfg = Debug|Win32
		{5CC1F76C-918F-4453-B3C9-6F1828C599ED}.Debug|x86.Build.0 = Debug|Win32
		{5CC1F76C-918F-4453-B3C9-6F1828C599ED}.Release|x64.ActiveCfg = Release|x64
		{5CC1F76C-918F-4453-B3C9-6F1828C599ED}.Release|x64.Build.0 = Release|x64
		{5CC1F76C-918F-4453-B3C9-6F1828C599ED}.Release|x86.ActiveCfg = Release|Win32
		{5CC1F76C-918F-4453-B3C9-6F1828C599ED}.Release|x86.Build.0 = Release|Win32
	EndGlobalSection
	GlobalSection(SolutionProperties) = preSolution
		HideSolutionNode = FALSE
	EndGlobalSection
	GlobalSection(ExtensibilityGlobals) = postSolution
		SolutionGuid = {A7DE71A2-18DE-4952-96EE-BD8D93F3C430}
	EndGlobalSection
EndGlobal
